# This file is automatically @generated by Poetry 1.5.3 and should not be changed by hand.

[[package]]
name = "judge"
version = "0.2.0"
description = "Choose values based on a tree of conditions"
optional = false
python-versions = "*"
files = [
    {file = "judge-0.2.0.tar.gz", hash = "sha256:883d4f025caca793174a0ba627e2556a300638d2d8d42a3303ac34e4e8629e11"},
]

[metadata]
lock-version = "2.0"
python-versions = ">=3.10.0,<3.11"
content-hash = "f77507d68a340a95ca47378bbc92e3dfe08f4bd3cd0615bb8fadcd8d5bf61341"
